
Microsoft Visual Studio Solution File, Format Version 12.00
# Visual Studio Version 17
VisualStudioVersion = 17.4.33103.184
MinimumVisualStudioVersion = 10.0.40219.1
Project("{9A19103F-16F7-4668-BE54-9A1E7A4F7556}") = "PTI.Microservices.Library.AzureFace", "PTI.Microservices.Library.AzureFace.csproj", "{51013ED3-3C56-4C8D-8E40-4DE2322EA600}"
EndProject
Global
	GlobalSection(SolutionConfigurationPlatforms) = preSolution
		Debug|Any CPU = Debug|Any CPU
		Release|Any CPU = Release|Any CPU
	EndGlobalSection
	GlobalSection(ProjectConfigurationPlatforms) = postSolution
		{51013ED3-3C56-4C8D-8E40-4DE2322EA600}.Debug|Any CPU.ActiveCfg = Debug|Any CPU
		{51013ED3-3C56-4C8D-8E40-4DE2322EA600}.Debug|Any CPU.Build.0 = Debug|Any CPU
		{51013ED3-3C56-4C8D-8E40-4DE2322EA600}.Release|Any CPU.ActiveCfg = Release|Any CPU
		{51013ED3-3C56-4C8D-8E40-4DE2322EA600}.Release|Any CPU.Build.0 = Release|Any CPU
	EndGlobalSection
	GlobalSection(SolutionProperties) = preSolution
		HideSolutionNode = FALSE
	EndGlobalSection
	GlobalSection(ExtensibilityGlobals) = postSolution
		SolutionGuid = {7003B648-6BC6-46DB-8531-AF4A305BA995}
	EndGlobalSection
EndGlobal
